{
  "name": "zhuzhu",
  "lockfileVersion": 3,
  "requires": true,
  "packages": {
    "": {
      "dependencies": {
        "china-division": "^2.6.1"
      }
    },
    "node_modules/china-division": {
      "version": "2.6.1",
      "resolved": "https://registry.npmmirror.com/china-division/-/china-division-2.6.1.tgz",
      "integrity": "sha512-Iq9YCEWqPcSrD7/7McKpN9QHNbn2iibLmg1NEAxLacijqJzLbytr0sLuKJNY4Exd0LA77N18Pwr9JGgU1p5S6w=="
    }
  }
}
